// !$*UTF8*$!
{
	archiveVersion = 1;
	classes = {
	};
	objectVersion = 56;
	objects = {

/* Begin PBXBuildFile section */
		D3C2044D2A9152DD0068EB7D /* Projek_GambarApp.swift in Sources */ = {isa = PBXBuildFile; fileRef = D3C2044C2A9152DD0068EB7D /* Projek_GambarApp.swift */; };
		D3C2044F2A9152DD0068EB7D /* ContentView.swift in Sources */ = {isa = PBXBuildFile; fileRef = D3C2044E2A9152DD0068EB7D /* ContentView.swift */; };
		D3C204512A9152DF0068EB7D /* Assets.xcassets in Resources */ = {isa = PBXBuildFile; fileRef = D3C204502A9152DF0068EB7D /* Assets.xcassets */; };
		D3C204542A9152DF0068EB7D /* Preview Assets.xcassets in Resources */ = {isa = PBXBuildFile; fileRef = D3C204532A9152DF0068EB7D /* Preview Assets.xcassets */; };
		D3C2045E2A9152E00068EB7D /* Projek_GambarTests.swift in Sources */ = {isa = PBXBuildFile; fileRef = D3C2045D2A9152E00068EB7D /* Projek_GambarTests.swift */; };
		D3C204682A9152E00068EB7D /* Projek_GambarUITests.swift in Sources */ = {isa = PBXBuildFile; fileRef = D3C204672A9152E00068EB7D /* Projek_GambarUITests.swift */; };
		D3C2046A2A9152E00068EB7D /* Projek_GambarUITestsLaunchTests.swift in Sources */ = {isa = PBXBuildFile; fileRef = D3C204692A9152E00068EB7D /* Projek_GambarUITestsLaunchTests.swift */; };
/* End PBXBuildFile section */

/* Begin PBXContainerItemProxy section */
		D3C2045A2A9152E00068EB7D /* PBXContainerItemProxy */ = {
			isa = PBXContainerItemProxy;
			containerPortal = D3C204412A9152DD0068EB7D /* Project object */;
			proxyType = 1;
			remoteGlobalIDString = D3C204482A9152DD0068EB7D;
			remoteInfo = "Projek Gambar";
		};
		D3C204642A9152E00068EB7D /* PBXContainerItemProxy */ = {
			isa = PBXContainerItemProxy;
			containerPortal = D3C204412A9152DD0068EB7D /* Project object */;
			proxyType = 1;
			remoteGlobalIDString = D3C204482A9152DD0068EB7D;
			remoteInfo = "Projek Gambar";
		};
/* End PBXContainerItemProxy section */

/* Begin PBXFileReference section */
		D3C204492A9152DD0068EB7D /* Projek Gambar.app */ = {isa = PBXFileReference; explicitFileType = wrapper.application; includeInIndex = 0; path = "Projek Gambar.app"; sourceTree = BUILT_PRODUCTS_DIR; };
		D3C2044C2A9152DD0068EB7D /* Projek_GambarApp.swift */ = {isa = PBXFileReference; lastKnownFileType = sourcecode.swift; path = Projek_GambarApp.swift; sourceTree = "<group>"; };
		D3C2044E2A9152DD0068EB7D /* ContentView.swift */ = {isa = PBXFileReference; lastKnownFileType = sourcecode.swift; path = ContentView.swift; sourceTree = "<group>"; };
		D3C204502A9152DF0068EB7D /* Assets.xcassets */ = {isa = PBXFileReference; lastKnownFileType = folder.assetcatalog; path = Assets.xcassets; sourceTree = "<group>"; };
		D3C204532A9152DF0068EB7D /* Preview Assets.xcassets */ = {isa = PBXFileReference; lastKnownFileType = folder.assetcatalog; path = "Preview Assets.xcassets"; sourceTree = "<group>"; };
		D3C204592A9152E00068EB7D /* Projek GambarTests.xctest */ = {isa = PBXFileReference; explicitFileType = wrapper.cfbundle; includeInIndex = 0; path = "Projek GambarTests.xctest"; sourceTree = BUILT_PRODUCTS_DIR; };
		D3C2045D2A9152E00068EB7D /* Projek_GambarTests.swift */ = {isa = PBXFileReference; lastKnownFileType = sourcecode.swift; path = Projek_GambarTests.swift; sourceTree = "<group>"; };
		D3C204632A9152E00068EB7D /* Projek GambarUITests.xctest */ = {isa = PBXFileReference; explicitFileType = wrapper.cfbundle; includeInIndex = 0; path = "Projek GambarUITests.xctest"; sourceTree = BUILT_PRODUCTS_DIR; };
		D3C204672A9152E00068EB7D /* Projek_GambarUITests.swift */ = {isa = PBXFileReference; lastKnownFileType = sourcecode.swift; path = Projek_GambarUITests.swift; sourceTree = "<group>"; };
		D3C204692A9152E00068EB7D /* Projek_GambarUITestsLaunchTests.swift */ = {isa = PBXFileReference; lastKnownFileType = sourcecode.swift; path = Projek_GambarUITestsLaunchTests.swift; sourceTree = "<group>"; };
/* End PBXFileReference section */

/* Begin PBXFrameworksBuildPhase section */
		D3C204462A9152DD0068EB7D /* Frameworks */ = {
			isa = PBXFrameworksBuildPhase;
			buildActionMask = 2147483647;
			files = (
			);
			runOnlyForDeploymentPostprocessing = 0;
		};
		D3C204562A9152E00068EB7D /* Frameworks */ = {
			isa = PBXFrameworksBuildPhase;
			buildActionMask = 2147483647;
			files = (
			);
			runOnlyForDeploymentPostprocessing = 0;
		};
		D3C204602A9152E00068EB7D /* Frameworks */ = {
			isa = PBXFrameworksBuildPhase;
			buildActionMask = 2147483647;
			files = (
			);
			runOnlyForDeploymentPostprocessing = 0;
		};
/* End PBXFrameworksBuildPhase section */

/* Begin PBXGroup section */
		D3C204402A9152DD0068EB7D = {
			isa = PBXGroup;
			children = (
				D3C2044B2A9152DD0068EB7D /* Projek Gambar */,
				D3C2045C2A9152E00068EB7D /* Projek GambarTests */,
				D3C204662A9152E00068EB7D /* Projek GambarUITests */,
				D3C2044A2A9152DD0068EB7D /* Products */,
			);
			sourceTree = "<group>";
		};
		D3C2044A2A9152DD0068EB7D /* Products */ = {
			isa = PBXGroup;
			children = (
				D3C204492A9152DD0068EB7D /* Projek Gambar.app */,
				D3C204592A9152E00068EB7D /* Projek GambarTests.xctest */,
				D3C204632A9152E00068EB7D /* Projek GambarUITests.xctest */,
			);
			name = Products;
			sourceTree = "<group>";
		};
		D3C2044B2A9152DD0068EB7D /* Projek Gambar */ = {
			isa = PBXGroup;
			children = (
				D3C2044C2A9152DD0068EB7D /* Projek_GambarApp.swift */,
				D3C2044E2A9152DD0068EB7D /* ContentView.swift */,
				D3C204502A9152DF0068EB7D /* Assets.xcassets */,
				D3C204522A9152DF0068EB7D /* Preview Content */,
			);
			path = "Projek Gambar";
			sourceTree = "<group>";
		};
		D3C204522A9152DF0068EB7D /* Preview Content */ = {
			isa = PBXGroup;
			children = (
				D3C204532A9152DF0068EB7D /* Preview Assets.xcassets */,
			);
			path = "Preview Content";
			sourceTree = "<group>";
		};
		D3C2045C2A9152E00068EB7D /* Projek GambarTests */ = {
			isa = PBXGroup;
			children = (
				D3C2045D2A9152E00068EB7D /* Projek_GambarTests.swift */,
			);
			path = "Projek GambarTests";
			sourceTree = "<group>";
		};
		D3C204662A9152E00068EB7D /* Projek GambarUITests */ = {
			isa = PBXGroup;
			children = (
				D3C204672A9152E00068EB7D /* Projek_GambarUITests.swift */,
				D3C204692A9152E00068EB7D /* Projek_GambarUITestsLaunchTests.swift */,
			);
			path = "Projek GambarUITests";
			sourceTree = "<group>";
		};
/* End PBXGroup section */

/* Begin PBXNativeTarget section */
		D3C204482A9152DD0068EB7D /* Projek Gambar */ = {
			isa = PBXNativeTarget;
			buildConfigurationList = D3C2046D2A9152E00068EB7D /* Build configuration list for PBXNativeTarget "Projek Gambar" */;
			buildPhases = (
				D3C204452A9152DD0068EB7D /* Sources */,
				D3C204462A9152DD0068EB7D /* Frameworks */,
				D3C204472A9152DD0068EB7D /* Resources */,
			);
			buildRules = (
			);
			dependencies = (
			);
			name = "Projek Gambar";
			productName = "Projek Gambar";
			productReference = D3C204492A9152DD0068EB7D /* Projek Gambar.app */;
			productType = "com.apple.product-type.application";
		};
		D3C204582A9152E00068EB7D /* Projek GambarTests */ = {
			isa = PBXNativeTarget;
			buildConfigurationList = D3C204702A9152E00068EB7D /* Build configuration list for PBXNativeTarget "Projek GambarTests" */;
			buildPhases = (
				D3C204552A9152E00068EB7D /* Sources */,
				D3C204562A9152E00068EB7D /* Frameworks */,
				D3C204572A9152E00068EB7D /* Resources */,
			);
			buildRules = (
			);
			dependencies = (
				D3C2045B2A9152E00068EB7D /* PBXTargetDependency */,
			);
			name = "Projek GambarTests";
			productName = "Projek GambarTests";
			productReference = D3C204592A9152E00068EB7D /* Projek GambarTests.xctest */;
			productType = "com.apple.product-type.bundle.unit-test";
		};
		D3C204622A9152E00068EB7D /* Projek GambarUITests */ = {
			isa = PBXNativeTarget;
			buildConfigurationList = D3C204732A9152E00068EB7D /* Build configuration list for PBXNativeTarget "Projek GambarUITests" */;
			buildPhases = (
				D3C2045F2A9152E00068EB7D /* Sources */,
				D3C204602A9152E00068EB7D /* Frameworks */,
				D3C204612A9152E00068EB7D /* Resources */,
			);
			buildRules = (
			);
			dependencies = (
				D3C204652A9152E00068EB7D /* PBXTargetDependency */,
			);
			name = "Projek GambarUITests";
			productName = "Projek GambarUITests";
			productReference = D3C204632A9152E00068EB7D /* Projek GambarUITests.xctest */;
			productType = "com.apple.product-type.bundle.ui-testing";
		};
/* End PBXNativeTarget section */

/* Begin PBXProject section */
		D3C204412A9152DD0068EB7D /* Project object */ = {
			isa = PBXProject;
			attributes = {
				BuildIndependentTargetsInParallel = 1;
				LastSwiftUpdateCheck = 1430;
				LastUpgradeCheck = 1430;
				TargetAttributes = {
					D3C204482A9152DD0068EB7D = {
						CreatedOnToolsVersion = 14.3.1;
					};
					D3C204582A9152E00068EB7D = {
						CreatedOnToolsVersion = 14.3.1;
						TestTargetID = D3C204482A9152DD0068EB7D;
					};
					D3C204622A9152E00068EB7D = {
						CreatedOnToolsVersion = 14.3.1;
						TestTargetID = D3C204482A9152DD0068EB7D;
					};
				};
			};
			buildConfigurationList = D3C204442A9152DD0068EB7D /* Build configuration list for PBXProject "Projek Gambar" */;
			compatibilityVersion = "Xcode 14.0";
			developmentRegion = en;
			hasScannedForEncodings = 0;
			knownRegions = (
				en,
				Base,
			);
			mainGroup = D3C204402A9152DD0068EB7D;
			productRefGroup = D3C2044A2A9152DD0068EB7D /* Products */;
			projectDirPath = "";
			projectRoot = "";
			targets = (
				D3C204482A9152DD0068EB7D /* Projek Gambar */,
				D3C204582A9152E00068EB7D /* Projek GambarTests */,
				D3C204622A9152E00068EB7D /* Projek GambarUITests */,
			);
		};
/* End PBXProject section */

/* Begin PBXResourcesBuildPhase section */
		D3C204472A9152DD0068EB7D /* Resources */ = {
			isa = PBXResourcesBuildPhase;
			buildActionMask = 2147483647;
			files = (
				D3C204542A9152DF0068EB7D /* Preview Assets.xcassets in Resources */,
				D3C204512A9152DF0068EB7D /* Assets.xcassets in Resources */,
			);
			runOnlyForDeploymentPostprocessing = 0;
		};
		D3C204572A9152E00068EB7D /* Resources */ = {
			isa = PBXResourcesBuildPhase;
			buildActionMask = 2147483647;
			files = (
			);
			runOnlyForDeploymentPostprocessing = 0;
		};
		D3C204612A9152E00068EB7D /* Resources */ = {
			isa = PBXResourcesBuildPhase;
			buildActionMask = 2147483647;
			files = (
			);
			runOnlyForDeploymentPostprocessing = 0;
		};
/* End PBXResourcesBuildPhase section */

/* Begin PBXSourcesBuildPhase section */
		D3C204452A9152DD0068EB7D /* Sources */ = {
			isa = PBXSourcesBuildPhase;
			buildActionMask = 2147483647;
			files = (
				D3C2044F2A9152DD0068EB7D /* ContentView.swift in Sources */,
				D3C2044D2A9152DD0068EB7D /* Projek_GambarApp.swift in Sources */,
			);
			runOnlyForDeploymentPostprocessing = 0;
		};
		D3C204552A9152E00068EB7D /* Sources */ = {
			isa = PBXSourcesBuildPhase;
			buildActionMask = 2147483647;
			files = (
				D3C2045E2A9152E00068EB7D /* Projek_GambarTests.swift in Sources */,
			);
			runOnlyForDeploymentPostprocessing = 0;
		};
		D3C2045F2A9152E00068EB7D /* Sources */ = {
			isa = PBXSourcesBuildPhase;
			buildActionMask = 2147483647;
			files = (
				D3C204682A9152E00068EB7D /* Projek_GambarUITests.swift in Sources */,
				D3C2046A2A9152E00068EB7D /* Projek_GambarUITestsLaunchTests.swift in Sources */,
			);
			runOnlyForDeploymentPostprocessing = 0;
		};
/* End PBXSourcesBuildPhase section */

/* Begin PBXTargetDependency section */
		D3C2045B2A9152E00068EB7D /* PBXTargetDependency */ = {
			isa = PBXTargetDependency;
			target = D3C204482A9152DD0068EB7D /* Projek Gambar */;
			targetProxy = D3C2045A2A9152E00068EB7D /* PBXContainerItemProxy */;
		};
		D3C204652A9152E00068EB7D /* PBXTargetDependency */ = {
			isa = PBXTargetDependency;
			target = D3C204482A9152DD0068EB7D /* Projek Gambar */;
			targetProxy = D3C204642A9152E00068EB7D /* PBXContainerItemProxy */;
		};
/* End PBXTargetDependency section */

/* Begin XCBuildConfiguration section */
		D3C2046B2A9152E00068EB7D /* Debug */ = {
			isa = XCBuildConfiguration;
			buildSettings = {
				ALWAYS_SEARCH_USER_PATHS = NO;
				CLANG_ANALYZER_NONNULL = YES;
				CLANG_ANALYZER_NUMBER_OBJECT_CONVERSION = YES_AGGRESSIVE;
				CLANG_CXX_LANGUAGE_STANDARD = "gnu++20";
				CLANG_ENABLE_MODULES = YES;
				CLANG_ENABLE_OBJC_ARC = YES;
				CLANG_ENABLE_OBJC_WEAK = YES;
				CLANG_WARN_BLOCK_CAPTURE_AUTORELEASING = YES;
				CLANG_WARN_BOOL_CONVERSION = YES;
				CLANG_WARN_COMMA = YES;
				CLANG_WARN_CONSTANT_CONVERSION = YES;
				CLANG_WARN_DEPRECATED_OBJC_IMPLEMENTATIONS = YES;
				CLANG_WARN_DIRECT_OBJC_ISA_USAGE = YES_ERROR;
				CLANG_WARN_DOCUMENTATION_COMMENTS = YES;
				CLANG_WARN_EMPTY_BODY = YES;
				CLANG_WARN_ENUM_CONVERSION = YES;
				CLANG_WARN_INFINITE_RECURSION = YES;
				CLANG_WARN_INT_CONVERSION = YES;
				CLANG_WARN_NON_LITERAL_NULL_CONVERSION = YES;
				CLANG_WARN_OBJC_IMPLICIT_RETAIN_SELF = YES;
				CLANG_WARN_OBJC_LITERAL_CONVERSION = YES;
				CLANG_WARN_OBJC_ROOT_CLASS = YES_ERROR;
				CLANG_WARN_QUOTED_INCLUDE_IN_FRAMEWORK_HEADER = YES;
				CLANG_WARN_RANGE_LOOP_ANALYSIS = YES;
				CLANG_WARN_STRICT_PROTOTYPES = YES;
				CLANG_WARN_SUSPICIOUS_MOVE = YES;
				CLANG_WARN_UNGUARDED_AVAILABILITY = YES_AGGRESSIVE;
				CLANG_WARN_UNREACHABLE_CODE = YES;
				CLANG_WARN__DUPLICATE_METHOD_MATCH = YES;
				COPY_PHASE_STRIP = NO;
				DEBUG_INFORMATION_FORMAT = dwarf;
				ENABLE_STRICT_OBJC_MSGSEND = YES;
				ENABLE_TESTABILITY = YES;
				GCC_C_LANGUAGE_STANDARD = gnu11;
				GCC_DYNAMIC_NO_PIC = NO;
				GCC_NO_COMMON_BLOCKS = YES;
				GCC_OPTIMIZATION_LEVEL = 0;
				GCC_PREPROCESSOR_DEFINITIONS = (
					"DEBUG=1",
					"$(inherited)",
				);
				GCC_WARN_64_TO_32_BIT_CONVERSION = YES;
				GCC_WARN_ABOUT_RETURN_TYPE = YES_ERROR;
				GCC_WARN_UNDECLARED_SELECTOR = YES;
				GCC_WARN_UNINITIALIZED_AUTOS = YES_AGGRESSIVE;
				GCC_WARN_UNUSED_FUNCTION = YES;
				GCC_WARN_UNUSED_VARIABLE = YES;
				IPHONEOS_DEPLOYMENT_TARGET = 16.4;
				MTL_ENABLE_DEBUG_INFO = INCLUDE_SOURCE;
				MTL_FAST_MATH = YES;
				ONLY_ACTIVE_ARCH = YES;
				SDKROOT = iphoneos;
				SWIFT_ACTIVE_COMPILATION_CONDITIONS = DEBUG;
				SWIFT_OPTIMIZATION_LEVEL = "-Onone";
			};
			name = Debug;
		};
		D3C2046C2A9152E00068EB7D /* Release */ = {
			isa = XCBuildConfiguration;
			buildSettings = {
				ALWAYS_SEARCH_USER_PATHS = NO;
				CLANG_ANALYZER_NONNULL = YES;
				CLANG_ANALYZER_NUMBER_OBJECT_CONVERSION = YES_AGGRESSIVE;
				CLANG_CXX_LANGUAGE_STANDARD = "gnu++20";
				CLANG_ENABLE_MODULES = YES;
				CLANG_ENABLE_OBJC_ARC = YES;
				CLANG_ENABLE_OBJC_WEAK = YES;
				CLANG_WARN_BLOCK_CAPTURE_AUTORELEASING = YES;
				CLANG_WARN_BOOL_CONVERSION = YES;
				CLANG_WARN_COMMA = YES;
				CLANG_WARN_CONSTANT_CONVERSION = YES;
				CLANG_WARN_DEPRECATED_OBJC_IMPLEMENTATIONS = YES;
				CLANG_WARN_DIRECT_OBJC_ISA_USAGE = YES_ERROR;
				CLANG_WARN_DOCUMENTATION_COMMENTS = YES;
				CLANG_WARN_EMPTY_BODY = YES;
				CLANG_WARN_ENUM_CONVERSION = YES;
				CLANG_WARN_INFINITE_RECURSION = YES;
				CLANG_WARN_INT_CONVERSION = YES;
				CLANG_WARN_NON_LITERAL_NULL_CONVERSION = YES;
				CLANG_WARN_OBJC_IMPLICIT_RETAIN_SELF = YES;
				CLANG_WARN_OBJC_LITERAL_CONVERSION = YES;
				CLANG_WARN_OBJC_ROOT_CLASS = YES_ERROR;
				CLANG_WARN_QUOTED_INCLUDE_IN_FRAMEWORK_HEADER = YES;
				CLANG_WARN_RANGE_LOOP_ANALYSIS = YES;
				CLANG_WARN_STRICT_PROTOTYPES = YES;
				CLANG_WARN_SUSPICIOUS_MOVE = YES;
				CLANG_WARN_UNGUARDED_AVAILABILITY = YES_AGGRESSIVE;
				CLANG_WARN_UNREACHABLE_CODE = YES;
				CLANG_WARN__DUPLICATE_METHOD_MATCH = YES;
				COPY_PHASE_STRIP = NO;
				DEBUG_INFORMATION_FORMAT = "dwarf-with-dsym";
				ENABLE_NS_ASSERTIONS = NO;
				ENABLE_STRICT_OBJC_MSGSEND = YES;
				GCC_C_LANGUAGE_STANDARD = gnu11;
				GCC_NO_COMMON_BLOCKS = YES;
				GCC_WARN_64_TO_32_BIT_CONVERSION = YES;
				GCC_WARN_ABOUT_RETURN_TYPE = YES_ERROR;
				GCC_WARN_UNDECLARED_SELECTOR = YES;
				GCC_WARN_UNINITIALIZED_AUTOS = YES_AGGRESSIVE;
				GCC_WARN_UNUSED_FUNCTION = YES;
				GCC_WARN_UNUSED_VARIABLE = YES;
				IPHONEOS_DEPLOYMENT_TARGET = 16.4;
				MTL_ENABLE_DEBUG_INFO = NO;
				MTL_FAST_MATH = YES;
				SDKROOT = iphoneos;
				SWIFT_COMPILATION_MODE = wholemodule;
				SWIFT_OPTIMIZATION_LEVEL = "-O";
				VALIDATE_PRODUCT = YES;
			};
			name = Release;
		};
		D3C2046E2A9152E00068EB7D /* Debug */ = {
			isa = XCBuildConfiguration;
			buildSettings = {
				ASSETCATALOG_COMPILER_APPICON_NAME = AppIcon;
				ASSETCATALOG_COMPILER_GLOBAL_ACCENT_COLOR_NAME = AccentColor;
				CODE_SIGN_STYLE = Automatic;
				CURRENT_PROJECT_VERSION = 1;
				DEVELOPMENT_ASSET_PATHS = "\"Projek Gambar/Preview Content\"";
				DEVELOPMENT_TEAM = 26H29VYTDB;
				ENABLE_PREVIEWS = YES;
				GENERATE_INFOPLIST_FILE = YES;
				INFOPLIST_KEY_UIApplicationSceneManifest_Generation = YES;
				INFOPLIST_KEY_UIApplicationSupportsIndirectInputEvents = YES;
				INFOPLIST_KEY_UILaunchScreen_Generation = YES;
				INFOPLIST_KEY_UISupportedInterfaceOrientations_iPad = "UIInterfaceOrientationPortrait UIInterfaceOrientationPortraitUpsideDown UIInterfaceOrientationLandscapeLeft UIInterfaceOrientationLandscapeRight";
				INFOPLIST_KEY_UISupportedInterfaceOrientations_iPhone = "UIInterfaceOrientationPortrait UIInterfaceOrientationLandscapeLeft UIInterfaceOrientationLandscapeRight";
				LD_RUNPATH_SEARCH_PATHS = (
					"$(inherited)",
					"@executable_path/Frameworks",
				);
				MARKETING_VERSION = 1.0;
				PRODUCT_BUNDLE_IDENTIFIER = "com.zaimzawawi.Projek-Gambar";
				PRODUCT_NAME = "$(TARGET_NAME)";
				SWIFT_EMIT_LOC_STRINGS = YES;
				SWIFT_VERSION = 5.0;
				TARGETED_DEVICE_FAMILY = "1,2";
			};
			name = Debug;
		};
		D3C2046F2A9152E00068EB7D /* Release */ = {
			isa = XCBuildConfiguration;
			buildSettings = {
				ASSETCATALOG_COMPILER_APPICON_NAME = AppIcon;
				ASSETCATALOG_COMPILER_GLOBAL_ACCENT_COLOR_NAME = AccentColor;
				CODE_SIGN_STYLE = Automatic;
				CURRENT_PROJECT_VERSION = 1;
				DEVELOPMENT_ASSET_PATHS = "\"Projek Gambar/Preview Content\"";
				DEVELOPMENT_TEAM = 26H29VYTDB;
				ENABLE_PREVIEWS = YES;
				GENERATE_INFOPLIST_FILE = YES;
				INFOPLIST_KEY_UIApplicationSceneManifest_Generation = YES;
				INFOPLIST_KEY_UIApplicationSupportsIndirectInputEvents = YES;
				INFOPLIST_KEY_UILaunchScreen_Generation = YES;
				INFOPLIST_KEY_UISupportedInterfaceOrientations_iPad = "UIInterfaceOrientationPortrait UIInterfaceOrientationPortraitUpsideDown UIInterfaceOrientationLandscapeLeft UIInterfaceOrientationLandscapeRight";
				INFOPLIST_KEY_UISupportedInterfaceOrientations_iPhone = "UIInterfaceOrientationPortrait UIInterfaceOrientationLandscapeLeft UIInterfaceOrientationLandscapeRight";
				LD_RUNPATH_SEARCH_PATHS = (
					"$(inherited)",
					"@executable_path/Frameworks",
				);
				MARKETING_VERSION = 1.0;
				PRODUCT_BUNDLE_IDENTIFIER = "com.zaimzawawi.Projek-Gambar";
				PRODUCT_NAME = "$(TARGET_NAME)";
				SWIFT_EMIT_LOC_STRINGS = YES;
				SWIFT_VERSION = 5.0;
				TARGETED_DEVICE_FAMILY = "1,2";
			};
			name = Release;
		};
		D3C204712A9152E00068EB7D /* Debug */ = {
			isa = XCBuildConfiguration;
			buildSettings = {
				ALWAYS_EMBED_SWIFT_STANDARD_LIBRARIES = YES;
				BUNDLE_LOADER = "$(TEST_HOST)";
				CODE_SIGN_STYLE = Automatic;
				CURRENT_PROJECT_VERSION = 1;
				DEVELOPMENT_TEAM = 26H29VYTDB;
				GENERATE_INFOPLIST_FILE = YES;
				IPHONEOS_DEPLOYMENT_TARGET = 16.4;
				MARKETING_VERSION = 1.0;
				PRODUCT_BUNDLE_IDENTIFIER = "com.zaimzawawi.Projek-GambarTests";
				PRODUCT_NAME = "$(TARGET_NAME)";
				SWIFT_EMIT_LOC_STRINGS = NO;
				SWIFT_VERSION = 5.0;
				TARGETED_DEVICE_FAMILY = "1,2";
				TEST_HOST = "$(BUILT_PRODUCTS_DIR)/Projek Gambar.app/$(BUNDLE_EXECUTABLE_FOLDER_PATH)/Projek Gambar";
			};
			name = Debug;
		};
		D3C204722A9152E00068EB7D /* Release */ = {
			isa = XCBuildConfiguration;
			buildSettings = {
				ALWAYS_EMBED_SWIFT_STANDARD_LIBRARIES = YES;
				BUNDLE_LOADER = "$(TEST_HOST)";
				CODE_SIGN_STYLE = Automatic;
				CURRENT_PROJECT_VERSION = 1;
				DEVELOPMENT_TEAM = 26H29VYTDB;
				GENERATE_INFOPLIST_FILE = YES;
				IPHONEOS_DEPLOYMENT_TARGET = 16.4;
				MARKETING_VERSION = 1.0;
				PRODUCT_BUNDLE_IDENTIFIER = "com.zaimzawawi.Projek-GambarTests";
				PRODUCT_NAME = "$(TARGET_NAME)";
				SWIFT_EMIT_LOC_STRINGS = NO;
				SWIFT_VERSION = 5.0;
				TARGETED_DEVICE_FAMILY = "1,2";
				TEST_HOST = "$(BUILT_PRODUCTS_DIR)/Projek Gambar.app/$(BUNDLE_EXECUTABLE_FOLDER_PATH)/Projek Gambar";
			};
			name = Release;
		};
		D3C204742A9152E00068EB7D /* Debug */ = {
			isa = XCBuildConfiguration;
			buildSettings = {
				ALWAYS_EMBED_SWIFT_STANDARD_LIBRARIES = YES;
				CODE_SIGN_STYLE = Automatic;
				CURRENT_PROJECT_VERSION = 1;
				DEVELOPMENT_TEAM = 26H29VYTDB;
				GENERATE_INFOPLIST_FILE = YES;
				MARKETING_VERSION = 1.0;
				PRODUCT_BUNDLE_IDENTIFIER = "com.zaimzawawi.Projek-GambarUITests";
				PRODUCT_NAME = "$(TARGET_NAME)";
				SWIFT_EMIT_LOC_STRINGS = NO;
				SWIFT_VERSION = 5.0;
				TARGETED_DEVICE_FAMILY = "1,2";
				TEST_TARGET_NAME = "Projek Gambar";
			};
			name = Debug;
		};
		D3C204752A9152E00068EB7D /* Release */ = {
			isa = XCBuildConfiguration;
			buildSettings = {
				ALWAYS_EMBED_SWIFT_STANDARD_LIBRARIES = YES;
				CODE_SIGN_STYLE = Automatic;
				CURRENT_PROJECT_VERSION = 1;
				DEVELOPMENT_TEAM = 26H29VYTDB;
				GENERATE_INFOPLIST_FILE = YES;
				MARKETING_VERSION = 1.0;
				PRODUCT_BUNDLE_IDENTIFIER = "com.zaimzawawi.Projek-GambarUITests";
				PRODUCT_NAME = "$(TARGET_NAME)";
				SWIFT_EMIT_LOC_STRINGS = NO;
				SWIFT_VERSION = 5.0;
				TARGETED_DEVICE_FAMILY = "1,2";
				TEST_TARGET_NAME = "Projek Gambar";
			};
			name = Release;
		};
/* End XCBuildConfiguration section */

/* Begin XCConfigurationList section */
		D3C204442A9152DD0068EB7D /* Build configuration list for PBXProject "Projek Gambar" */ = {
			isa = XCConfigurationList;
			buildConfigurations = (
				D3C2046B2A9152E00068EB7D /* Debug */,
				D3C2046C2A9152E00068EB7D /* Release */,
			);
			defaultConfigurationIsVisible = 0;
			defaultConfigurationName = Release;
		};
		D3C2046D2A9152E00068EB7D /* Build configuration list for PBXNativeTarget "Projek Gambar" */ = {
			isa = XCConfigurationList;
			buildConfigurations = (
				D3C2046E2A9152E00068EB7D /* Debug */,
				D3C2046F2A9152E00068EB7D /* Release */,
			);
			defaultConfigurationIsVisible = 0;
			defaultConfigurationName = Release;
		};
		D3C204702A9152E00068EB7D /* Build configuration list for PBXNativeTarget "Projek GambarTests" */ = {
			isa = XCConfigurationList;
			buildConfigurations = (
				D3C204712A9152E00068EB7D /* Debug */,
				D3C204722A9152E00068EB7D /* Release */,
			);
			defaultConfigurationIsVisible = 0;
			defaultConfigurationName = Release;
		};
		D3C204732A9152E00068EB7D /* Build configuration list for PBXNativeTarget "Projek GambarUITests" */ = {
			isa = XCConfigurationList;
			buildConfigurations = (
				D3C204742A9152E00068EB7D /* Debug */,
				D3C204752A9152E00068EB7D /* Release */,
			);
			defaultConfigurationIsVisible = 0;
			defaultConfigurationName = Release;
		};
/* End XCConfigurationList section */
	};
	rootObject = D3C204412A9152DD0068EB7D /* Project object */;
}
